
Microsoft Visual Studio Solution File, Format Version 12.00
# Visual Studio Version 16
VisualStudioVersion = 16.0.29411.108
MinimumVisualStudioVersion = 10.0.40219.1
Project("{9A19103F-16F7-4668-BE54-9A1E7A4F7556}") = "wpfapp", "wpfapp\wpfapp.csproj", "{A190D3CF-5CCA-4F58-ACBD-5847BB1FA93A}"
	ProjectSection(ProjectDependencies) = postProject
		{D2809C32-60C3-48C2-9F24-1B38336D12B4} = {D2809C32-60C3-48C2-9F24-1B38336D12B4}
		{6E938679-EC9A-4040-B677-9E38DB4245CF} = {6E938679-EC9A-4040-B677-9E38DB4245CF}
		{1AA2A1B3-1F4B-4C56-95F8-32BD2F45EF53} = {1AA2A1B3-1F4B-4C56-95F8-32BD2F45EF53}
	EndProjectSection
EndProject
Project("{9A19103F-16F7-4668-BE54-9A1E7A4F7556}") = "kb-api", "kb-api\kb-api.csproj", "{1AA2A1B3-1F4B-4C56-95F8-32BD2F45EF53}"
EndProject
Project("{9A19103F-16F7-4668-BE54-9A1E7A4F7556}") = "shared", "shared\shared.csproj", "{24A52145-24B1-4480-994F-1F868D08ACE7}"
EndProject
Project("{9A19103F-16F7-4668-BE54-9A1E7A4F7556}") = "cnb-api", "cnb-api\cnb-api.csproj", "{6E938679-EC9A-4040-B677-9E38DB4245CF}"
EndProject
Project("{9A19103F-16F7-4668-BE54-9A1E7A4F7556}") = "csob-api", "csob-api\csob-api.csproj", "{D2809C32-60C3-48C2-9F24-1B38336D12B4}"
EndProject
Global
	GlobalSection(SolutionConfigurationPlatforms) = preSolution
		Debug|Any CPU = Debug|Any CPU
		Release|Any CPU = Release|Any CPU
	EndGlobalSection
	GlobalSection(ProjectConfigurationPlatforms) = postSolution
		{A190D3CF-5CCA-4F58-ACBD-5847BB1FA93A}.Debug|Any CPU.ActiveCfg = Debug|Any CPU
		{A190D3CF-5CCA-4F58-ACBD-5847BB1FA93A}.Debug|Any CPU.Build.0 = Debug|Any CPU
		{A190D3CF-5CCA-4F58-ACBD-5847BB1FA93A}.Release|Any CPU.ActiveCfg = Release|Any CPU
		{A190D3CF-5CCA-4F58-ACBD-5847BB1FA93A}.Release|Any CPU.Build.0 = Release|Any CPU
		{1AA2A1B3-1F4B-4C56-95F8-32BD2F45EF53}.Debug|Any CPU.ActiveCfg = Debug|Any CPU
		{1AA2A1B3-1F4B-4C56-95F8-32BD2F45EF53}.Debug|Any CPU.Build.0 = Debug|Any CPU
		{1AA2A1B3-1F4B-4C56-95F8-32BD2F45EF53}.Release|Any CPU.ActiveCfg = Release|Any CPU
		{1AA2A1B3-1F4B-4C56-95F8-32BD2F45EF53}.Release|Any CPU.Build.0 = Release|Any CPU
		{24A52145-24B1-4480-994F-1F868D08ACE7}.Debug|Any CPU.ActiveCfg = Debug|Any CPU
		{24A52145-24B1-4480-994F-1F868D08ACE7}.Debug|Any CPU.Build.0 = Debug|Any CPU
		{24A52145-24B1-4480-994F-1F868D08ACE7}.Release|Any CPU.ActiveCfg = Release|Any CPU
		{24A52145-24B1-4480-994F-1F868D08ACE7}.Release|Any CPU.Build.0 = Release|Any CPU
		{6E938679-EC9A-4040-B677-9E38DB4245CF}.Debug|Any CPU.ActiveCfg = Debug|Any CPU
		{6E938679-EC9A-4040-B677-9E38DB4245CF}.Debug|Any CPU.Build.0 = Debug|Any CPU
		{6E938679-EC9A-4040-B677-9E38DB4245CF}.Release|Any CPU.ActiveCfg = Release|Any CPU
		{6E938679-EC9A-4040-B677-9E38DB4245CF}.Release|Any CPU.Build.0 = Release|Any CPU
		{D2809C32-60C3-48C2-9F24-1B38336D12B4}.Debug|Any CPU.ActiveCfg = Debug|Any CPU
		{D2809C32-60C3-48C2-9F24-1B38336D12B4}.Debug|Any CPU.Build.0 = Debug|Any CPU
		{D2809C32-60C3-48C2-9F24-1B38336D12B4}.Release|Any CPU.ActiveCfg = Release|Any CPU
		{D2809C32-60C3-48C2-9F24-1B38336D12B4}.Release|Any CPU.Build.0 = Release|Any CPU
	EndGlobalSection
	GlobalSection(SolutionProperties) = preSolution
		HideSolutionNode = FALSE
	EndGlobalSection
	GlobalSection(ExtensibilityGlobals) = postSolution
		SolutionGuid = {C63C2478-BC82-4947-BFD3-E65550AC5192}
	EndGlobalSection
EndGlobal
